
Microsoft Visual Studio Solution File, Format Version 12.00
# Visual Studio 15
VisualStudioVersion = 15.0.28010.2026
MinimumVisualStudioVersion = 10.0.40219.1
Project("{9A19103F-16F7-4668-BE54-9A1E7A4F7556}") = "Ocelot.ConfigAuthLimitCache", "Ocelot.ConfigAuthLimitCache\Ocelot.ConfigAuthLimitCache.csproj", "{D78BE954-AE55-42CB-B224-B15366717FAD}"
EndProject
Global
	GlobalSection(SolutionConfigurationPlatforms) = preSolution
		Debug|Any CPU = Debug|Any CPU
		Release|Any CPU = Release|Any CPU
	EndGlobalSection
	GlobalSection(ProjectConfigurationPlatforms) = postSolution
		{D78BE954-AE55-42CB-B224-B15366717FAD}.Debug|Any CPU.ActiveCfg = Debug|Any CPU
		{D78BE954-AE55-42CB-B224-B15366717FAD}.Debug|Any CPU.Build.0 = Debug|Any CPU
		{D78BE954-AE55-42CB-B224-B15366717FAD}.Release|Any CPU.ActiveCfg = Release|Any CPU
		{D78BE954-AE55-42CB-B224-B15366717FAD}.Release|Any CPU.Build.0 = Release|Any CPU
	EndGlobalSection
	GlobalSection(SolutionProperties) = preSolution
		HideSolutionNode = FALSE
	EndGlobalSection
	GlobalSection(ExtensibilityGlobals) = postSolution
		SolutionGuid = {74733CFD-B721-49B1-A146-286F6FE29103}
	EndGlobalSection
EndGlobal
